
Microsoft Visual Studio Solution File, Format Version 12.00
# Visual Studio Version 16
VisualStudioVersion = 16.0.29209.62
MinimumVisualStudioVersion = 10.0.40219.1
Project("{FAE04EC0-301F-11D3-BF4B-00C04F79EFBC}") = "plan", "plan\plan.csproj", "{758C502B-6011-4503-8E8B-A759306FC92C}"
EndProject
Global
	GlobalSection(SolutionConfigurationPlatforms) = preSolution
		Debug|Any CPU = Debug|Any CPU
		Release|Any CPU = Release|Any CPU
	EndGlobalSection
	GlobalSection(ProjectConfigurationPlatforms) = postSolution
		{758C502B-6011-4503-8E8B-A759306FC92C}.Debug|Any CPU.ActiveCfg = Debug|Any CPU
		{758C502B-6011-4503-8E8B-A759306FC92C}.Debug|Any CPU.Build.0 = Debug|Any CPU
		{758C502B-6011-4503-8E8B-A759306FC92C}.Release|Any CPU.ActiveCfg = Release|Any CPU
		{758C502B-6011-4503-8E8B-A759306FC92C}.Release|Any CPU.Build.0 = Release|Any CPU
	EndGlobalSection
	GlobalSection(SolutionProperties) = preSolution
		HideSolutionNode = FALSE
	EndGlobalSection
	GlobalSection(ExtensibilityGlobals) = postSolution
		SolutionGuid = {808BC192-CA51-4B94-BE6F-C6A163F8D277}
	EndGlobalSection
EndGlobal
